
Microsoft Visual Studio Solution File, Format Version 12.00
# Visual Studio 2013
VisualStudioVersion = 12.0.30723.0
MinimumVisualStudioVersion = 10.0.40219.1
Project("{FAE04EC0-301F-11D3-BF4B-00C04F79EFBC}") = "Datacheck", "Datacheck\Datacheck.csproj", "{6F76A42D-A2A0-47D3-B3D3-6C4ACDA7A542}"
EndProject
Project("{FAE04EC0-301F-11D3-BF4B-00C04F79EFBC}") = "DatacheckTest", "DatacheckTest\DatacheckTest.csproj", "{E7CAE3EC-8A52-4AF4-87F5-F15385C62322}"
EndProject
Global
	GlobalSection(SolutionConfigurationPlatforms) = preSolution
		Debug|Any CPU = Debug|Any CPU
		Release|Any CPU = Release|Any CPU
	EndGlobalSection
	GlobalSection(ProjectConfigurationPlatforms) = postSolution
		{6F76A42D-A2A0-47D3-B3D3-6C4ACDA7A542}.Debug|Any CPU.ActiveCfg = Debug|Any CPU
		{6F76A42D-A2A0-47D3-B3D3-6C4ACDA7A542}.Debug|Any CPU.Build.0 = Debug|Any CPU
		{6F76A42D-A2A0-47D3-B3D3-6C4ACDA7A542}.Release|Any CPU.ActiveCfg = Release|Any CPU
		{6F76A42D-A2A0-47D3-B3D3-6C4ACDA7A542}.Release|Any CPU.Build.0 = Release|Any CPU
		{E7CAE3EC-8A52-4AF4-87F5-F15385C62322}.Debug|Any CPU.ActiveCfg = Debug|Any CPU
		{E7CAE3EC-8A52-4AF4-87F5-F15385C62322}.Debug|Any CPU.Build.0 = Debug|Any CPU
		{E7CAE3EC-8A52-4AF4-87F5-F15385C62322}.Release|Any CPU.ActiveCfg = Release|Any CPU
		{E7CAE3EC-8A52-4AF4-87F5-F15385C62322}.Release|Any CPU.Build.0 = Release|Any CPU
	EndGlobalSection
	GlobalSection(SolutionProperties) = preSolution
		HideSolutionNode = FALSE
	EndGlobalSection
EndGlobal
